
Microsoft Visual Studio Solution File, Format Version 12.00
# Visual Studio Version 16
VisualStudioVersion = 16.0.29920.165
MinimumVisualStudioVersion = 10.0.40219.1
Project("{FAE04EC0-301F-11D3-BF4B-00C04F79EFBC}") = "UDPServer", "UDPServer.csproj", "{369E19BF-D94D-42F0-9D5C-DC80C270B948}"
EndProject
Global
	GlobalSection(SolutionConfigurationPlatforms) = preSolution
		Debug|Any CPU = Debug|Any CPU
		Release|Any CPU = Release|Any CPU
	EndGlobalSection
	GlobalSection(ProjectConfigurationPlatforms) = postSolution
		{369E19BF-D94D-42F0-9D5C-DC80C270B948}.Debug|Any CPU.ActiveCfg = Debug|Any CPU
		{369E19BF-D94D-42F0-9D5C-DC80C270B948}.Debug|Any CPU.Build.0 = Debug|Any CPU
		{369E19BF-D94D-42F0-9D5C-DC80C270B948}.Release|Any CPU.ActiveCfg = Release|Any CPU
		{369E19BF-D94D-42F0-9D5C-DC80C270B948}.Release|Any CPU.Build.0 = Release|Any CPU
	EndGlobalSection
	GlobalSection(SolutionProperties) = preSolution
		HideSolutionNode = FALSE
	EndGlobalSection
	GlobalSection(ExtensibilityGlobals) = postSolution
		SolutionGuid = {25FE6340-272F-4437-BF55-7F066A2D051E}
	EndGlobalSection
EndGlobal
